
Microsoft Visual Studio Solution File, Format Version 12.00
# Visual Studio Version 17
VisualStudioVersion = 17.6.33801.468
MinimumVisualStudioVersion = 10.0.40219.1
Project("{2150E333-8FDC-42A3-9474-1A3956D46DE8}") = "srv", "srv", "{2CFA9AE0-E85C-4985-8CBE-993BB7C9ABBA}"
EndProject
Project("{FAE04EC0-301F-11D3-BF4B-00C04F79EFBC}") = "ChatServer", "srv\ChatServer\ChatServer.csproj", "{04796E19-0A74-4979-BFE8-DBFF59258FD3}"
EndProject
Global
	GlobalSection(SolutionConfigurationPlatforms) = preSolution
		Debug|Any CPU = Debug|Any CPU
		Release|Any CPU = Release|Any CPU
	EndGlobalSection
	GlobalSection(ProjectConfigurationPlatforms) = postSolution
		{04796E19-0A74-4979-BFE8-DBFF59258FD3}.Debug|Any CPU.ActiveCfg = Debug|Any CPU
		{04796E19-0A74-4979-BFE8-DBFF59258FD3}.Debug|Any CPU.Build.0 = Debug|Any CPU
		{04796E19-0A74-4979-BFE8-DBFF59258FD3}.Release|Any CPU.ActiveCfg = Release|Any CPU
		{04796E19-0A74-4979-BFE8-DBFF59258FD3}.Release|Any CPU.Build.0 = Release|Any CPU
	EndGlobalSection
	GlobalSection(SolutionProperties) = preSolution
		HideSolutionNode = FALSE
	EndGlobalSection
	GlobalSection(NestedProjects) = preSolution
		{04796E19-0A74-4979-BFE8-DBFF59258FD3} = {2CFA9AE0-E85C-4985-8CBE-993BB7C9ABBA}
	EndGlobalSection
	GlobalSection(ExtensibilityGlobals) = postSolution
		SolutionGuid = {87E03261-2F2E-4099-BE5E-E39007D4A79B}
	EndGlobalSection
EndGlobal
